
Microsoft Visual Studio Solution File, Format Version 12.00
# Visual Studio 15
VisualStudioVersion = 15.0.35213.121
MinimumVisualStudioVersion = 10.0.40219.1
Project("{FAE04EC0-301F-11D3-BF4B-00C04F79EFBC}") = "Tugas_W9A_Jevon Valentino_160424066", "Tugas_W9A_Jevon Valentino_160424066.csproj", "{511CA439-D5DD-4098-A379-B0596CC087CE}"
EndProject
Global
	GlobalSection(SolutionConfigurationPlatforms) = preSolution
		Debug|Any CPU = Debug|Any CPU
		Release|Any CPU = Release|Any CPU
	EndGlobalSection
	GlobalSection(ProjectConfigurationPlatforms) = postSolution
		{511CA439-D5DD-4098-A379-B0596CC087CE}.Debug|Any CPU.ActiveCfg = Debug|Any CPU
		{511CA439-D5DD-4098-A379-B0596CC087CE}.Debug|Any CPU.Build.0 = Debug|Any CPU
		{511CA439-D5DD-4098-A379-B0596CC087CE}.Release|Any CPU.ActiveCfg = Release|Any CPU
		{511CA439-D5DD-4098-A379-B0596CC087CE}.Release|Any CPU.Build.0 = Release|Any CPU
	EndGlobalSection
	GlobalSection(SolutionProperties) = preSolution
		HideSolutionNode = FALSE
	EndGlobalSection
	GlobalSection(ExtensibilityGlobals) = postSolution
		SolutionGuid = {F4C14844-4FB0-4DD0-AB92-6615B7D46948}
	EndGlobalSection
EndGlobal
